
Microsoft Visual Studio Solution File, Format Version 12.00
# Visual Studio Version 17
VisualStudioVersion = 17.0.31903.59
MinimumVisualStudioVersion = 10.0.40219.1
Project("{FAE04EC0-301F-11D3-BF4B-00C04F79EFBC}") = "FileStorage", "FileStorage\FileStorage.csproj", "{826F8FF1-6D0D-4F20-858D-A7F3ABA42991}"
EndProject
Project("{FAE04EC0-301F-11D3-BF4B-00C04F79EFBC}") = "FileStorage.Entities", "FileStorage.Entities\FileStorage.Entities.csproj", "{2D52F7C9-F43C-479C-9944-09BDC42B74E9}"
EndProject
Project("{FAE04EC0-301F-11D3-BF4B-00C04F79EFBC}") = "Filestorage.Repository", "FileStorage.Repository\Filestorage.Repository.csproj", "{FB9645AB-120C-4BEA-BA05-B524EAB1E046}"
EndProject
Project("{FAE04EC0-301F-11D3-BF4B-00C04F79EFBC}") = "FileStorage.Shared", "FileStorage.Shared\FileStorage.Shared.csproj", "{26A19387-801A-4D22-B925-8B903D61535F}"
EndProject
Global
	GlobalSection(SolutionConfigurationPlatforms) = preSolution
		Debug|Any CPU = Debug|Any CPU
		Release|Any CPU = Release|Any CPU
	EndGlobalSection
	GlobalSection(SolutionProperties) = preSolution
		HideSolutionNode = FALSE
	EndGlobalSection
	GlobalSection(ProjectConfigurationPlatforms) = postSolution
		{826F8FF1-6D0D-4F20-858D-A7F3ABA42991}.Debug|Any CPU.ActiveCfg = Debug|Any CPU
		{826F8FF1-6D0D-4F20-858D-A7F3ABA42991}.Debug|Any CPU.Build.0 = Debug|Any CPU
		{826F8FF1-6D0D-4F20-858D-A7F3ABA42991}.Release|Any CPU.ActiveCfg = Release|Any CPU
		{826F8FF1-6D0D-4F20-858D-A7F3ABA42991}.Release|Any CPU.Build.0 = Release|Any CPU
		{2D52F7C9-F43C-479C-9944-09BDC42B74E9}.Debug|Any CPU.ActiveCfg = Debug|Any CPU
		{2D52F7C9-F43C-479C-9944-09BDC42B74E9}.Debug|Any CPU.Build.0 = Debug|Any CPU
		{2D52F7C9-F43C-479C-9944-09BDC42B74E9}.Release|Any CPU.ActiveCfg = Release|Any CPU
		{2D52F7C9-F43C-479C-9944-09BDC42B74E9}.Release|Any CPU.Build.0 = Release|Any CPU
		{FB9645AB-120C-4BEA-BA05-B524EAB1E046}.Debug|Any CPU.ActiveCfg = Debug|Any CPU
		{FB9645AB-120C-4BEA-BA05-B524EAB1E046}.Debug|Any CPU.Build.0 = Debug|Any CPU
		{FB9645AB-120C-4BEA-BA05-B524EAB1E046}.Release|Any CPU.ActiveCfg = Release|Any CPU
		{FB9645AB-120C-4BEA-BA05-B524EAB1E046}.Release|Any CPU.Build.0 = Release|Any CPU
		{26A19387-801A-4D22-B925-8B903D61535F}.Debug|Any CPU.ActiveCfg = Debug|Any CPU
		{26A19387-801A-4D22-B925-8B903D61535F}.Debug|Any CPU.Build.0 = Debug|Any CPU
		{26A19387-801A-4D22-B925-8B903D61535F}.Release|Any CPU.ActiveCfg = Release|Any CPU
		{26A19387-801A-4D22-B925-8B903D61535F}.Release|Any CPU.Build.0 = Release|Any CPU
	EndGlobalSection
EndGlobal
